// !$*UTF8*$!
{
	archiveVersion = 1;
	classes = {
	};
	objectVersion = 46;
	objects = {

/* Begin PBXBuildFile section */
		B4BA7E3C1C15715B00368834 /* main.m in Sources */ = {isa = PBXBuildFile; fileRef = B4BA7E3B1C15715B00368834 /* main.m */; };
		B4BA7E3F1C15715B00368834 /* AppDelegate.m in Sources */ = {isa = PBXBuildFile; fileRef = B4BA7E3E1C15715B00368834 /* AppDelegate.m */; };
		B4BA7E421C15715B00368834 /* ViewController.m in Sources */ = {isa = PBXBuildFile; fileRef = B4BA7E411C15715B00368834 /* ViewController.m */; };
		B4BA7E451C15715B00368834 /* Main.storyboard in Resources */ = {isa = PBXBuildFile; fileRef = B4BA7E431C15715B00368834 /* Main.storyboard */; };
		B4BA7E471C15715B00368834 /* Images.xcassets in Resources */ = {isa = PBXBuildFile; fileRef = B4BA7E461C15715B00368834 /* Images.xcassets */; };
		B4BA7E4A1C15715B00368834 /* LaunchScreen.xib in Resources */ = {isa = PBXBuildFile; fileRef = B4BA7E481C15715B00368834 /* LaunchScreen.xib */; };
		B4BA7E561C15715B00368834 /* abcTests.m in Sources */ = {isa = PBXBuildFile; fileRef = B4BA7E551C15715B00368834 /* abcTests.m */; };
		B4BA7E601C15730000368834 /* libz.dylib in Frameworks */ = {isa = PBXBuildFile; fileRef = B4BA7E5F1C15730000368834 /* libz.dylib */; };
		B4BA7E621C15730900368834 /* CoreLocation.framework in Frameworks */ = {isa = PBXBuildFile; fileRef = B4BA7E611C15730900368834 /* CoreLocation.framework */; };
		B4BA7E641C15730D00368834 /* CoreTelephony.framework in Frameworks */ = {isa = PBXBuildFile; fileRef = B4BA7E631C15730D00368834 /* CoreTelephony.framework */; };
		B4BA7E661C15731100368834 /* AVFoundation.framework in Frameworks */ = {isa = PBXBuildFile; fileRef = B4BA7E651C15731100368834 /* AVFoundation.framework */; };
		B4BA7E681C15731600368834 /* AddressBook.framework in Frameworks */ = {isa = PBXBuildFile; fileRef = B4BA7E671C15731600368834 /* AddressBook.framework */; };
		B4BA7E6A1C15731E00368834 /* AudioToolbox.framework in Frameworks */ = {isa = PBXBuildFile; fileRef = B4BA7E691C15731E00368834 /* AudioToolbox.framework */; };
		B4BA7E6C1C15732500368834 /* SystemConfiguration.framework in Frameworks */ = {isa = PBXBuildFile; fileRef = B4BA7E6B1C15732500368834 /* SystemConfiguration.framework */; };
		B4BA7E6E1C15732B00368834 /* QuartzCore.framework in Frameworks */ = {isa = PBXBuildFile; fileRef = B4BA7E6D1C15732B00368834 /* QuartzCore.framework */; };
		B4BA7E701C15732F00368834 /* UIKit.framework in Frameworks */ = {isa = PBXBuildFile; fileRef = B4BA7E6F1C15732F00368834 /* UIKit.framework */; };
		B4BA7E721C15733300368834 /* Foundation.framework in Frameworks */ = {isa = PBXBuildFile; fileRef = B4BA7E711C15733300368834 /* Foundation.framework */; };
		B4BA7E741C15733800368834 /* CoreGraphics.framework in Frameworks */ = {isa = PBXBuildFile; fileRef = B4BA7E731C15733800368834 /* CoreGraphics.framework */; };
		B4BA7E761C15739B00368834 /* iflyMSC.framework in Frameworks */ = {isa = PBXBuildFile; fileRef = B4BA7E751C15739B00368834 /* iflyMSC.framework */; };
		B4BA7E781C15740C00368834 /* libc++.dylib in Frameworks */ = {isa = PBXBuildFile; fileRef = B4BA7E771C15740C00368834 /* libc++.dylib */; };
		B4BA7E7B1C157DBD00368834 /* IATConfig.m in Sources */ = {isa = PBXBuildFile; fileRef = B4BA7E7A1C157DBD00368834 /* IATConfig.m */; };
/* End PBXBuildFile section */

/* Begin PBXContainerItemProxy section */
		B4BA7E501C15715B00368834 /* PBXContainerItemProxy */ = {
			isa = PBXContainerItemProxy;
			containerPortal = B4BA7E2E1C15715B00368834 /* Project object */;
			proxyType = 1;
			remoteGlobalIDString = B4BA7E351C15715B00368834;
			remoteInfo = abc;
		};
/* End PBXContainerItemProxy section */

/* Begin PBXFileReference section */
		B4BA7E361C15715B00368834 /* abc.app */ = {isa = PBXFileReference; explicitFileType = wrapper.application; includeInIndex = 0; path = abc.app; sourceTree = BUILT_PRODUCTS_DIR; };
		B4BA7E3A1C15715B00368834 /* Info.plist */ = {isa = PBXFileReference; lastKnownFileType = text.plist.xml; path = Info.plist; sourceTree = "<group>"; };
		B4BA7E3B1C15715B00368834 /* main.m */ = {isa = PBXFileReference; lastKnownFileType = sourcecode.c.objc; path = main.m; sourceTree = "<group>"; };
		B4BA7E3D1C15715B00368834 /* AppDelegate.h */ = {isa = PBXFileReference; lastKnownFileType = sourcecode.c.h; path = AppDelegate.h; sourceTree = "<group>"; };
		B4BA7E3E1C15715B00368834 /* AppDelegate.m */ = {isa = PBXFileReference; lastKnownFileType = sourcecode.c.objc; path = AppDelegate.m; sourceTree = "<group>"; };
		B4BA7E401C15715B00368834 /* ViewController.h */ = {isa = PBXFileReference; lastKnownFileType = sourcecode.c.h; path = ViewController.h; sourceTree = "<group>"; };
		B4BA7E411C15715B00368834 /* ViewController.m */ = {isa = PBXFileReference; lastKnownFileType = sourcecode.c.objc; path = ViewController.m; sourceTree = "<group>"; };
		B4BA7E441C15715B00368834 /* Base */ = {isa = PBXFileReference; lastKnownFileType = file.storyboard; name = Base; path = Base.lproj/Main.storyboard; sourceTree = "<group>"; };
		B4BA7E461C15715B00368834 /* Images.xcassets */ = {isa = PBXFileReference; lastKnownFileType = folder.assetcatalog; path = Images.xcassets; sourceTree = "<group>"; };
		B4BA7E491C15715B00368834 /* Base */ = {isa = PBXFileReference; lastKnownFileType = file.xib; name = Base; path = Base.lproj/LaunchScreen.xib; sourceTree = "<group>"; };
		B4BA7E4F1C15715B00368834 /* abcTests.xctest */ = {isa = PBXFileReference; explicitFileType = wrapper.cfbundle; includeInIndex = 0; path = abcTests.xctest; sourceTree = BUILT_PRODUCTS_DIR; };
		B4BA7E541C15715B00368834 /* Info.plist */ = {isa = PBXFileReference; lastKnownFileType = text.plist.xml; path = Info.plist; sourceTree = "<group>"; };
		B4BA7E551C15715B00368834 /* abcTests.m */ = {isa = PBXFileReference; lastKnownFileType = sourcecode.c.objc; path = abcTests.m; sourceTree = "<group>"; };
		B4BA7E5F1C15730000368834 /* libz.dylib */ = {isa = PBXFileReference; lastKnownFileType = "compiled.mach-o.dylib"; name = libz.dylib; path = usr/lib/libz.dylib; sourceTree = SDKROOT; };
		B4BA7E611C15730900368834 /* CoreLocation.framework */ = {isa = PBXFileReference; lastKnownFileType = wrapper.framework; name = CoreLocation.framework; path = System/Library/Frameworks/CoreLocation.framework; sourceTree = SDKROOT; };
		B4BA7E631C15730D00368834 /* CoreTelephony.framework */ = {isa = PBXFileReference; lastKnownFileType = wrapper.framework; name = CoreTelephony.framework; path = System/Library/Frameworks/CoreTelephony.framework; sourceTree = SDKROOT; };
		B4BA7E651C15731100368834 /* AVFoundation.framework */ = {isa = PBXFileReference; lastKnownFileType = wrapper.framework; name = AVFoundation.framework; path = System/Library/Frameworks/AVFoundation.framework; sourceTree = SDKROOT; };
		B4BA7E671C15731600368834 /* AddressBook.framework */ = {isa = PBXFileReference; lastKnownFileType = wrapper.framework; name = AddressBook.framework; path = System/Library/Frameworks/AddressBook.framework; sourceTree = SDKROOT; };
		B4BA7E691C15731E00368834 /* AudioToolbox.framework */ = {isa = PBXFileReference; lastKnownFileType = wrapper.framework; name = AudioToolbox.framework; path = System/Library/Frameworks/AudioToolbox.framework; sourceTree = SDKROOT; };
		B4BA7E6B1C15732500368834 /* SystemConfiguration.framework */ = {isa = PBXFileReference; lastKnownFileType = wrapper.framework; name = SystemConfiguration.framework; path = System/Library/Frameworks/SystemConfiguration.framework; sourceTree = SDKROOT; };
		B4BA7E6D1C15732B00368834 /* QuartzCore.framework */ = {isa = PBXFileReference; lastKnownFileType = wrapper.framework; name = QuartzCore.framework; path = System/Library/Frameworks/QuartzCore.framework; sourceTree = SDKROOT; };
		B4BA7E6F1C15732F00368834 /* UIKit.framework */ = {isa = PBXFileReference; lastKnownFileType = wrapper.framework; name = UIKit.framework; path = System/Library/Frameworks/UIKit.framework; sourceTree = SDKROOT; };
		B4BA7E711C15733300368834 /* Foundation.framework */ = {isa = PBXFileReference; lastKnownFileType = wrapper.framework; name = Foundation.framework; path = System/Library/Frameworks/Foundation.framework; sourceTree = SDKROOT; };
		B4BA7E731C15733800368834 /* CoreGraphics.framework */ = {isa = PBXFileReference; lastKnownFileType = wrapper.framework; name = CoreGraphics.framework; path = System/Library/Frameworks/CoreGraphics.framework; sourceTree = SDKROOT; };
		B4BA7E751C15739B00368834 /* iflyMSC.framework */ = {isa = PBXFileReference; lastKnownFileType = wrapper.framework; name = iflyMSC.framework; path = "../../../Downloads/iOS_voice_1123_56631261-2/lib/iflyMSC.framework"; sourceTree = "<group>"; };
		B4BA7E771C15740C00368834 /* libc++.dylib */ = {isa = PBXFileReference; lastKnownFileType = "compiled.mach-o.dylib"; name = "libc++.dylib"; path = "usr/lib/libc++.dylib"; sourceTree = SDKROOT; };
		B4BA7E791C157DBD00368834 /* IATConfig.h */ = {isa = PBXFileReference; fileEncoding = 4; lastKnownFileType = sourcecode.c.h; path = IATConfig.h; sourceTree = "<group>"; };
		B4BA7E7A1C157DBD00368834 /* IATConfig.m */ = {isa = PBXFileReference; fileEncoding = 4; lastKnownFileType = sourcecode.c.objc; path = IATConfig.m; sourceTree = "<group>"; };
/* End PBXFileReference section */

/* Begin PBXFrameworksBuildPhase section */
		B4BA7E331C15715B00368834 /* Frameworks */ = {
			isa = PBXFrameworksBuildPhase;
			buildActionMask = 2147483647;
			files = (
				B4BA7E781C15740C00368834 /* libc++.dylib in Frameworks */,
				B4BA7E761C15739B00368834 /* iflyMSC.framework in Frameworks */,
				B4BA7E741C15733800368834 /* CoreGraphics.framework in Frameworks */,
				B4BA7E721C15733300368834 /* Foundation.framework in Frameworks */,
				B4BA7E701C15732F00368834 /* UIKit.framework in Frameworks */,
				B4BA7E6E1C15732B00368834 /* QuartzCore.framework in Frameworks */,
				B4BA7E6C1C15732500368834 /* SystemConfiguration.framework in Frameworks */,
				B4BA7E6A1C15731E00368834 /* AudioToolbox.framework in Frameworks */,
				B4BA7E681C15731600368834 /* AddressBook.framework in Frameworks */,
				B4BA7E661C15731100368834 /* AVFoundation.framework in Frameworks */,
				B4BA7E641C15730D00368834 /* CoreTelephony.framework in Frameworks */,
				B4BA7E621C15730900368834 /* CoreLocation.framework in Frameworks */,
				B4BA7E601C15730000368834 /* libz.dylib in Frameworks */,
			);
			runOnlyForDeploymentPostprocessing = 0;
		};
		B4BA7E4C1C15715B00368834 /* Frameworks */ = {
			isa = PBXFrameworksBuildPhase;
			buildActionMask = 2147483647;
			files = (
			);
			runOnlyForDeploymentPostprocessing = 0;
		};
/* End PBXFrameworksBuildPhase section */

/* Begin PBXGroup section */
		B4BA7E2D1C15715B00368834 = {
			isa = PBXGroup;
			children = (
				B4BA7E771C15740C00368834 /* libc++.dylib */,
				B4BA7E751C15739B00368834 /* iflyMSC.framework */,
				B4BA7E731C15733800368834 /* CoreGraphics.framework */,
				B4BA7E711C15733300368834 /* Foundation.framework */,
				B4BA7E6F1C15732F00368834 /* UIKit.framework */,
				B4BA7E6D1C15732B00368834 /* QuartzCore.framework */,
				B4BA7E6B1C15732500368834 /* SystemConfiguration.framework */,
				B4BA7E691C15731E00368834 /* AudioToolbox.framework */,
				B4BA7E671C15731600368834 /* AddressBook.framework */,
				B4BA7E651C15731100368834 /* AVFoundation.framework */,
				B4BA7E631C15730D00368834 /* CoreTelephony.framework */,
				B4BA7E611C15730900368834 /* CoreLocation.framework */,
				B4BA7E5F1C15730000368834 /* libz.dylib */,
				B4BA7E381C15715B00368834 /* abc */,
				B4BA7E521C15715B00368834 /* abcTests */,
				B4BA7E371C15715B00368834 /* Products */,
			);
			sourceTree = "<group>";
		};
		B4BA7E371C15715B00368834 /* Products */ = {
			isa = PBXGroup;
			children = (
				B4BA7E361C15715B00368834 /* abc.app */,
				B4BA7E4F1C15715B00368834 /* abcTests.xctest */,
			);
			name = Products;
			sourceTree = "<group>";
		};
		B4BA7E381C15715B00368834 /* abc */ = {
			isa = PBXGroup;
			children = (
				B4BA7E791C157DBD00368834 /* IATConfig.h */,
				B4BA7E7A1C157DBD00368834 /* IATConfig.m */,
				B4BA7E3D1C15715B00368834 /* AppDelegate.h */,
				B4BA7E3E1C15715B00368834 /* AppDelegate.m */,
				B4BA7E401C15715B00368834 /* ViewController.h */,
				B4BA7E411C15715B00368834 /* ViewController.m */,
				B4BA7E431C15715B00368834 /* Main.storyboard */,
				B4BA7E461C15715B00368834 /* Images.xcassets */,
				B4BA7E481C15715B00368834 /* LaunchScreen.xib */,
				B4BA7E391C15715B00368834 /* Supporting Files */,
			);
			path = abc;
			sourceTree = "<group>";
		};
		B4BA7E391C15715B00368834 /* Supporting Files */ = {
			isa = PBXGroup;
			children = (
				B4BA7E3A1C15715B00368834 /* Info.plist */,
				B4BA7E3B1C15715B00368834 /* main.m */,
			);
			name = "Supporting Files";
			sourceTree = "<group>";
		};
		B4BA7E521C15715B00368834 /* abcTests */ = {
			isa = PBXGroup;
			children = (
				B4BA7E551C15715B00368834 /* abcTests.m */,
				B4BA7E531C15715B00368834 /* Supporting Files */,
			);
			path = abcTests;
			sourceTree = "<group>";
		};
		B4BA7E531C15715B00368834 /* Supporting Files */ = {
			isa = PBXGroup;
			children = (
				B4BA7E541C15715B00368834 /* Info.plist */,
			);
			name = "Supporting Files";
			sourceTree = "<group>";
		};
/* End PBXGroup section */

/* Begin PBXNativeTarget section */
		B4BA7E351C15715B00368834 /* abc */ = {
			isa = PBXNativeTarget;
			buildConfigurationList = B4BA7E591C15715B00368834 /* Build configuration list for PBXNativeTarget "abc" */;
			buildPhases = (
				B4BA7E321C15715B00368834 /* Sources */,
				B4BA7E331C15715B00368834 /* Frameworks */,
				B4BA7E341C15715B00368834 /* Resources */,
			);
			buildRules = (
			);
			dependencies = (
			);
			name = abc;
			productName = abc;
			productReference = B4BA7E361C15715B00368834 /* abc.app */;
			productType = "com.apple.product-type.application";
		};
		B4BA7E4E1C15715B00368834 /* abcTests */ = {
			isa = PBXNativeTarget;
			buildConfigurationList = B4BA7E5C1C15715B00368834 /* Build configuration list for PBXNativeTarget "abcTests" */;
			buildPhases = (
				B4BA7E4B1C15715B00368834 /* Sources */,
				B4BA7E4C1C15715B00368834 /* Frameworks */,
				B4BA7E4D1C15715B00368834 /* Resources */,
			);
			buildRules = (
			);
			dependencies = (
				B4BA7E511C15715B00368834 /* PBXTargetDependency */,
			);
			name = abcTests;
			productName = abcTests;
			productReference = B4BA7E4F1C15715B00368834 /* abcTests.xctest */;
			productType = "com.apple.product-type.bundle.unit-test";
		};
/* End PBXNativeTarget section */

/* Begin PBXProject section */
		B4BA7E2E1C15715B00368834 /* Project object */ = {
			isa = PBXProject;
			attributes = {
				LastUpgradeCheck = 0630;
				ORGANIZATIONNAME = "赵英奎";
				TargetAttributes = {
					B4BA7E351C15715B00368834 = {
						CreatedOnToolsVersion = 6.3;
					};
					B4BA7E4E1C15715B00368834 = {
						CreatedOnToolsVersion = 6.3;
						TestTargetID = B4BA7E351C15715B00368834;
					};
				};
			};
			buildConfigurationList = B4BA7E311C15715B00368834 /* Build configuration list for PBXProject "abc" */;
			compatibilityVersion = "Xcode 3.2";
			developmentRegion = English;
			hasScannedForEncodings = 0;
			knownRegions = (
				en,
				Base,
			);
			mainGroup = B4BA7E2D1C15715B00368834;
			productRefGroup = B4BA7E371C15715B00368834 /* Products */;
			projectDirPath = "";
			projectRoot = "";
			targets = (
				B4BA7E351C15715B00368834 /* abc */,
				B4BA7E4E1C15715B00368834 /* abcTests */,
			);
		};
/* End PBXProject section */

/* Begin PBXResourcesBuildPhase section */
		B4BA7E341C15715B00368834 /* Resources */ = {
			isa = PBXResourcesBuildPhase;
			buildActionMask = 2147483647;
			files = (
				B4BA7E451C15715B00368834 /* Main.storyboard in Resources */,
				B4BA7E4A1C15715B00368834 /* LaunchScreen.xib in Resources */,
				B4BA7E471C15715B00368834 /* Images.xcassets in Resources */,
			);
			runOnlyForDeploymentPostprocessing = 0;
		};
		B4BA7E4D1C15715B00368834 /* Resources */ = {
			isa = PBXResourcesBuildPhase;
			buildActionMask = 2147483647;
			files = (
			);
			runOnlyForDeploymentPostprocessing = 0;
		};
/* End PBXResourcesBuildPhase section */

/* Begin PBXSourcesBuildPhase section */
		B4BA7E321C15715B00368834 /* Sources */ = {
			isa = PBXSourcesBuildPhase;
			buildActionMask = 2147483647;
			files = (
				B4BA7E421C15715B00368834 /* ViewController.m in Sources */,
				B4BA7E3F1C15715B00368834 /* AppDelegate.m in Sources */,
				B4BA7E7B1C157DBD00368834 /* IATConfig.m in Sources */,
				B4BA7E3C1C15715B00368834 /* main.m in Sources */,
			);
			runOnlyForDeploymentPostprocessing = 0;
		};
		B4BA7E4B1C15715B00368834 /* Sources */ = {
			isa = PBXSourcesBuildPhase;
			buildActionMask = 2147483647;
			files = (
				B4BA7E561C15715B00368834 /* abcTests.m in Sources */,
			);
			runOnlyForDeploymentPostprocessing = 0;
		};
/* End PBXSourcesBuildPhase section */

/* Begin PBXTargetDependency section */
		B4BA7E511C15715B00368834 /* PBXTargetDependency */ = {
			isa = PBXTargetDependency;
			target = B4BA7E351C15715B00368834 /* abc */;
			targetProxy = B4BA7E501C15715B00368834 /* PBXContainerItemProxy */;
		};
/* End PBXTargetDependency section */

/* Begin PBXVariantGroup section */
		B4BA7E431C15715B00368834 /* Main.storyboard */ = {
			isa = PBXVariantGroup;
			children = (
				B4BA7E441C15715B00368834 /* Base */,
			);
			name = Main.storyboard;
			sourceTree = "<group>";
		};
		B4BA7E481C15715B00368834 /* LaunchScreen.xib */ = {
			isa = PBXVariantGroup;
			children = (
				B4BA7E491C15715B00368834 /* Base */,
			);
			name = LaunchScreen.xib;
			sourceTree = "<group>";
		};
/* End PBXVariantGroup section */

/* Begin XCBuildConfiguration section */
		B4BA7E571C15715B00368834 /* Debug */ = {
			isa = XCBuildConfiguration;
			buildSettings = {
				ALWAYS_SEARCH_USER_PATHS = NO;
				CLANG_CXX_LANGUAGE_STANDARD = "gnu++0x";
				CLANG_CXX_LIBRARY = "libc++";
				CLANG_ENABLE_MODULES = YES;
				CLANG_ENABLE_OBJC_ARC = YES;
				CLANG_WARN_BOOL_CONVERSION = YES;
				CLANG_WARN_CONSTANT_CONVERSION = YES;
				CLANG_WARN_DIRECT_OBJC_ISA_USAGE = YES_ERROR;
				CLANG_WARN_EMPTY_BODY = YES;
				CLANG_WARN_ENUM_CONVERSION = YES;
				CLANG_WARN_INT_CONVERSION = YES;
				CLANG_WARN_OBJC_ROOT_CLASS = YES_ERROR;
				CLANG_WARN_UNREACHABLE_CODE = YES;
				CLANG_WARN__DUPLICATE_METHOD_MATCH = YES;
				"CODE_SIGN_IDENTITY[sdk=iphoneos*]" = "iPhone Developer";
				COPY_PHASE_STRIP = NO;
				DEBUG_INFORMATION_FORMAT = "dwarf-with-dsym";
				ENABLE_STRICT_OBJC_MSGSEND = YES;
				GCC_C_LANGUAGE_STANDARD = gnu99;
				GCC_DYNAMIC_NO_PIC = NO;
				GCC_NO_COMMON_BLOCKS = YES;
				GCC_OPTIMIZATION_LEVEL = 0;
				GCC_PREPROCESSOR_DEFINITIONS = (
					"DEBUG=1",
					"$(inherited)",
				);
				GCC_SYMBOLS_PRIVATE_EXTERN = NO;
				GCC_WARN_64_TO_32_BIT_CONVERSION = YES;
				GCC_WARN_ABOUT_RETURN_TYPE = YES_ERROR;
				GCC_WARN_UNDECLARED_SELECTOR = YES;
				GCC_WARN_UNINITIALIZED_AUTOS = YES_AGGRESSIVE;
				GCC_WARN_UNUSED_FUNCTION = YES;
				GCC_WARN_UNUSED_VARIABLE = YES;
				IPHONEOS_DEPLOYMENT_TARGET = 8.3;
				MTL_ENABLE_DEBUG_INFO = YES;
				ONLY_ACTIVE_ARCH = YES;
				SDKROOT = iphoneos;
			};
			name = Debug;
		};
		B4BA7E581C15715B00368834 /* Release */ = {
			isa = XCBuildConfiguration;
			buildSettings = {
				ALWAYS_SEARCH_USER_PATHS = NO;
				CLANG_CXX_LANGUAGE_STANDARD = "gnu++0x";
				CLANG_CXX_LIBRARY = "libc++";
				CLANG_ENABLE_MODULES = YES;
				CLANG_ENABLE_OBJC_ARC = YES;
				CLANG_WARN_BOOL_CONVERSION = YES;
				CLANG_WARN_CONSTANT_CONVERSION = YES;
				CLANG_WARN_DIRECT_OBJC_ISA_USAGE = YES_ERROR;
				CLANG_WARN_EMPTY_BODY = YES;
				CLANG_WARN_ENUM_CONVERSION = YES;
				CLANG_WARN_INT_CONVERSION = YES;
				CLANG_WARN_OBJC_ROOT_CLASS = YES_ERROR;
				CLANG_WARN_UNREACHABLE_CODE = YES;
				CLANG_WARN__DUPLICATE_METHOD_MATCH = YES;
				"CODE_SIGN_IDENTITY[sdk=iphoneos*]" = "iPhone Developer";
				COPY_PHASE_STRIP = NO;
				DEBUG_INFORMATION_FORMAT = "dwarf-with-dsym";
				ENABLE_NS_ASSERTIONS = NO;
				ENABLE_STRICT_OBJC_MSGSEND = YES;
				GCC_C_LANGUAGE_STANDARD = gnu99;
				GCC_NO_COMMON_BLOCKS = YES;
				GCC_WARN_64_TO_32_BIT_CONVERSION = YES;
				GCC_WARN_ABOUT_RETURN_TYPE = YES_ERROR;
				GCC_WARN_UNDECLARED_SELECTOR = YES;
				GCC_WARN_UNINITIALIZED_AUTOS = YES_AGGRESSIVE;
				GCC_WARN_UNUSED_FUNCTION = YES;
				GCC_WARN_UNUSED_VARIABLE = YES;
				IPHONEOS_DEPLOYMENT_TARGET = 8.3;
				MTL_ENABLE_DEBUG_INFO = NO;
				SDKROOT = iphoneos;
				VALIDATE_PRODUCT = YES;
			};
			name = Release;
		};
		B4BA7E5A1C15715B00368834 /* Debug */ = {
			isa = XCBuildConfiguration;
			buildSettings = {
				ASSETCATALOG_COMPILER_APPICON_NAME = AppIcon;
				FRAMEWORK_SEARCH_PATHS = (
					"$(inherited)",
					"/Users/zhaoyingkui/Downloads/iOS_voice_1123_56631261-2/lib",
				);
				INFOPLIST_FILE = abc/Info.plist;
				LD_RUNPATH_SEARCH_PATHS = "$(inherited) @executable_path/Frameworks";
				PRODUCT_NAME = "$(TARGET_NAME)";
			};
			name = Debug;
		};
		B4BA7E5B1C15715B00368834 /* Release */ = {
			isa = XCBuildConfiguration;
			buildSettings = {
				ASSETCATALOG_COMPILER_APPICON_NAME = AppIcon;
				FRAMEWORK_SEARCH_PATHS = (
					"$(inherited)",
					"/Users/zhaoyingkui/Downloads/iOS_voice_1123_56631261-2/lib",
				);
				INFOPLIST_FILE = abc/Info.plist;
				LD_RUNPATH_SEARCH_PATHS = "$(inherited) @executable_path/Frameworks";
				PRODUCT_NAME = "$(TARGET_NAME)";
			};
			name = Release;
		};
		B4BA7E5D1C15715B00368834 /* Debug */ = {
			isa = XCBuildConfiguration;
			buildSettings = {
				BUNDLE_LOADER = "$(TEST_HOST)";
				FRAMEWORK_SEARCH_PATHS = (
					"$(SDKROOT)/Developer/Library/Frameworks",
					"$(inherited)",
				);
				GCC_PREPROCESSOR_DEFINITIONS = (
					"DEBUG=1",
					"$(inherited)",
				);
				INFOPLIST_FILE = abcTests/Info.plist;
				LD_RUNPATH_SEARCH_PATHS = "$(inherited) @executable_path/Frameworks @loader_path/Frameworks";
				PRODUCT_NAME = "$(TARGET_NAME)";
				TEST_HOST = "$(BUILT_PRODUCTS_DIR)/abc.app/abc";
			};
			name = Debug;
		};
		B4BA7E5E1C15715B00368834 /* Release */ = {
			isa = XCBuildConfiguration;
			buildSettings = {
				BUNDLE_LOADER = "$(TEST_HOST)";
				FRAMEWORK_SEARCH_PATHS = (
					"$(SDKROOT)/Developer/Library/Frameworks",
					"$(inherited)",
				);
				INFOPLIST_FILE = abcTests/Info.plist;
				LD_RUNPATH_SEARCH_PATHS = "$(inherited) @executable_path/Frameworks @loader_path/Frameworks";
				PRODUCT_NAME = "$(TARGET_NAME)";
				TEST_HOST = "$(BUILT_PRODUCTS_DIR)/abc.app/abc";
			};
			name = Release;
		};
/* End XCBuildConfiguration section */

/* Begin XCConfigurationList section */
		B4BA7E311C15715B00368834 /* Build configuration list for PBXProject "abc" */ = {
			isa = XCConfigurationList;
			buildConfigurations = (
				B4BA7E571C15715B00368834 /* Debug */,
				B4BA7E581C15715B00368834 /* Release */,
			);
			defaultConfigurationIsVisible = 0;
			defaultConfigurationName = Release;
		};
		B4BA7E591C15715B00368834 /* Build configuration list for PBXNativeTarget "abc" */ = {
			isa = XCConfigurationList;
			buildConfigurations = (
				B4BA7E5A1C15715B00368834 /* Debug */,
				B4BA7E5B1C15715B00368834 /* Release */,
			);
			defaultConfigurationIsVisible = 0;
		};
		B4BA7E5C1C15715B00368834 /* Build configuration list for PBXNativeTarget "abcTests" */ = {
			isa = XCConfigurationList;
			buildConfigurations = (
				B4BA7E5D1C15715B00368834 /* Debug */,
				B4BA7E5E1C15715B00368834 /* Release */,
			);
			defaultConfigurationIsVisible = 0;
		};
/* End XCConfigurationList section */
	};
	rootObject = B4BA7E2E1C15715B00368834 /* Project object */;
}
